
Microsoft Visual Studio Solution File, Format Version 12.00
# Visual Studio Version 17
VisualStudioVersion = 17.1.32210.238
MinimumVisualStudioVersion = 10.0.40219.1
Project("{FAE04EC0-301F-11D3-BF4B-00C04F79EFBC}") = "Courselab", "Courselab\Courselab.csproj", "{4D3FFDEF-4C4E-4DC1-B20A-493DCC8F2E5F}"
EndProject
Global
	GlobalSection(SolutionConfigurationPlatforms) = preSolution
		Debug|Any CPU = Debug|Any CPU
		Release|Any CPU = Release|Any CPU
	EndGlobalSection
	GlobalSection(ProjectConfigurationPlatforms) = postSolution
		{4D3FFDEF-4C4E-4DC1-B20A-493DCC8F2E5F}.Debug|Any CPU.ActiveCfg = Debug|Any CPU
		{4D3FFDEF-4C4E-4DC1-B20A-493DCC8F2E5F}.Debug|Any CPU.Build.0 = Debug|Any CPU
		{4D3FFDEF-4C4E-4DC1-B20A-493DCC8F2E5F}.Release|Any CPU.ActiveCfg = Release|Any CPU
		{4D3FFDEF-4C4E-4DC1-B20A-493DCC8F2E5F}.Release|Any CPU.Build.0 = Release|Any CPU
	EndGlobalSection
	GlobalSection(SolutionProperties) = preSolution
		HideSolutionNode = FALSE
	EndGlobalSection
	GlobalSection(ExtensibilityGlobals) = postSolution
		SolutionGuid = {38822A6F-CF9E-4735-A033-239C38B399D6}
	EndGlobalSection
EndGlobal
